
Microsoft Visual Studio Solution File, Format Version 12.00
# Visual Studio Version 17
VisualStudioVersion = 17.11.35222.181
MinimumVisualStudioVersion = 10.0.40219.1
Project("{FAE04EC0-301F-11D3-BF4B-00C04F79EFBC}") = "Cata.PrimeNumber.Tests", "Cata.PrimeNumber.Tests\Cata.PrimeNumber.Tests.csproj", "{70047C3A-140A-4621-99F8-B3547257ED60}"
EndProject
Global
	GlobalSection(SolutionConfigurationPlatforms) = preSolution
		Debug|Any CPU = Debug|Any CPU
		Release|Any CPU = Release|Any CPU
	EndGlobalSection
	GlobalSection(ProjectConfigurationPlatforms) = postSolution
		{70047C3A-140A-4621-99F8-B3547257ED60}.Debug|Any CPU.ActiveCfg = Debug|Any CPU
		{70047C3A-140A-4621-99F8-B3547257ED60}.Debug|Any CPU.Build.0 = Debug|Any CPU
		{70047C3A-140A-4621-99F8-B3547257ED60}.Release|Any CPU.ActiveCfg = Release|Any CPU
		{70047C3A-140A-4621-99F8-B3547257ED60}.Release|Any CPU.Build.0 = Release|Any CPU
	EndGlobalSection
	GlobalSection(SolutionProperties) = preSolution
		HideSolutionNode = FALSE
	EndGlobalSection
	GlobalSection(ExtensibilityGlobals) = postSolution
		SolutionGuid = {3C93DA62-1B33-4676-87DA-C9F3AC777CFE}
	EndGlobalSection
EndGlobal
